github.com/google/go-cmp v0.3.0/go.mod h1:8QqcDgzrUqlUb/G2PQTWiueGozuR1884gddMywk6iLU=
github.com/jarcoal/httpmock v1.0.4/go.mod h1:ATjnClrvW/3tijVmpL/va5Z3aAyGvqU3gCT8nX0Txik=
github.com/openfaas-incubator/go-function-sdk v0.0.0-20181217173454-cac4b8744921 h1:IGP0tlTdv6r/zy3Kw61EhiXao61krCUs5KRHWSzCdxM=
github.com/openfaas-incubator/go-function-sdk v0.0.0-20181217173454-cac4b8744921/go.mod h1:F37Kp+hwdHP+o3UKjkGzikQg4weKiMvcegT9vCQjvjE=
github.com/pkg/errors v0.8.1/go.mod h1:bwawxfHBFNV+L2hUp1rHADufV3IMtnDRdf1r5NINEl0=
gotest.tools v2.2.0+incompatible/go.mod h1:DsYFclhRJ6vuDpmuTbkuFWG+y2sxOXAzmJt81HFBacw=
